
Microsoft Visual Studio Solution File, Format Version 10.00
# Visual C# Express 2008
Project("{FAE04EC0-301F-11D3-BF4B-00C04F79EFBC}") = "howto_sample_altitude_map", "howto_sample_altitude_map.csproj", "{217F2F77-DE7B-41B1-BB1B-4E32BAFB891D}"
EndProject
Global
	GlobalSection(SolutionConfigurationPlatforms) = preSolution
		Debug|Any CPU = Debug|Any CPU
		Release|Any CPU = Release|Any CPU
	EndGlobalSection
	GlobalSection(ProjectConfigurationPlatforms) = postSolution
		{217F2F77-DE7B-41B1-BB1B-4E32BAFB891D}.Debug|Any CPU.ActiveCfg = Debug|Any CPU
		{217F2F77-DE7B-41B1-BB1B-4E32BAFB891D}.Debug|Any CPU.Build.0 = Debug|Any CPU
		{217F2F77-DE7B-41B1-BB1B-4E32BAFB891D}.Release|Any CPU.ActiveCfg = Release|Any CPU
		{217F2F77-DE7B-41B1-BB1B-4E32BAFB891D}.Release|Any CPU.Build.0 = Release|Any CPU
	EndGlobalSection
	GlobalSection(SolutionProperties) = preSolution
		HideSolutionNode = FALSE
	EndGlobalSection
EndGlobal
